
Microsoft Visual Studio Solution File, Format Version 12.00
# Visual Studio Version 17
VisualStudioVersion = 17.10.35122.118
MinimumVisualStudioVersion = 10.0.40219.1
Project("{FAE04EC0-301F-11D3-BF4B-00C04F79EFBC}") = "agent glazki", "agent glazki\agent glazki.csproj", "{98613944-5DB4-4C0B-8BC2-39DD973E4E3D}"
EndProject
Global
	GlobalSection(SolutionConfigurationPlatforms) = preSolution
		Debug|Any CPU = Debug|Any CPU
		Release|Any CPU = Release|Any CPU
	EndGlobalSection
	GlobalSection(ProjectConfigurationPlatforms) = postSolution
		{98613944-5DB4-4C0B-8BC2-39DD973E4E3D}.Debug|Any CPU.ActiveCfg = Debug|Any CPU
		{98613944-5DB4-4C0B-8BC2-39DD973E4E3D}.Debug|Any CPU.Build.0 = Debug|Any CPU
		{98613944-5DB4-4C0B-8BC2-39DD973E4E3D}.Release|Any CPU.ActiveCfg = Release|Any CPU
		{98613944-5DB4-4C0B-8BC2-39DD973E4E3D}.Release|Any CPU.Build.0 = Release|Any CPU
	EndGlobalSection
	GlobalSection(SolutionProperties) = preSolution
		HideSolutionNode = FALSE
	EndGlobalSection
	GlobalSection(ExtensibilityGlobals) = postSolution
		SolutionGuid = {2C197E1F-70F0-473B-AF5A-49E66D238D1C}
	EndGlobalSection
EndGlobal
